# This file is autogenerated, do not edit; changes may be undone by the next 'dep ensure'.


[[projects]]
  digest = "1:21f03d6d577a3418517d9a5b9d006c0643b47a1bc0511590627dd56292befc87"
  name = "github.com/aws/aws-sdk-go"
  packages = [
    "aws",
    "aws/awserr",
    "aws/awsutil",
    "aws/client",
    "aws/client/metadata",
    "aws/corehandlers",
    "aws/credentials",
    "aws/credentials/ec2rolecreds",
    "aws/credentials/endpointcreds",
    "aws/credentials/processcreds",
    "aws/credentials/stscreds",
    "aws/csm",
    "aws/defaults",
    "aws/ec2metadata",
    "aws/endpoints",
    "aws/request",
    "aws/session",
    "aws/signer/v4",
    "internal/ini",
    "internal/sdkio",
    "internal/sdkrand",
    "internal/sdkuri",
    "internal/shareddefaults",
    "private/protocol",
    "private/protocol/ec2query",
    "private/protocol/json/jsonutil",
    "private/protocol/query",
    "private/protocol/query/queryutil",
    "private/protocol/rest",
    "private/protocol/xml/xmlutil",
    "service/ec2",
    "service/sts",
    "service/sts/stsiface",
  ]
  pruneopts = "UT"
  revision = "d38ae59ad646630fb9ee134c9d9a4c0601e20483"
  version = "v1.22.1"

[[projects]]
  digest = "1:573ca21d3669500ff845bdebee890eb7fc7f0f50c59f2132f2a0c6b03d85086a"
  name = "github.com/golang/protobuf"
  packages = ["proto"]
  pruneopts = "UT"
  revision = "6c65a5562fc06764971b7c5d05c76c75e84bdbf7"
  version = "v1.3.2"

[[projects]]
  digest = "1:a63cff6b5d8b95638bfe300385d93b2a6d9d687734b863da8e09dc834510a690"
  name = "github.com/google/go-querystring"
  packages = ["query"]
  pruneopts = "UT"
  revision = "44c6ddd0a2342c386950e880b658017258da92fc"
  version = "v1.0.0"

[[projects]]
  digest = "1:bb81097a5b62634f3e9fec1014657855610c82d19b9a40c17612e32651e35dca"
  name = "github.com/jmespath/go-jmespath"
  packages = ["."]
  pruneopts = "UT"
  revision = "c2b33e84"

[[projects]]
  digest = "1:ecd9aa82687cf31d1585d4ac61d0ba180e42e8a6182b85bd785fcca8dfeefc1b"
  name = "github.com/joho/godotenv"
  packages = ["."]
  pruneopts = "UT"
  revision = "23d116af351c84513e1946b527c88823e476be13"
  version = "v1.3.0"

[[projects]]
  digest = "1:33f31f1c13617634ff0da960c79293c604b6c22b32c9a95bcea5f6007666042d"
  name = "github.com/xanzy/go-gitlab"
  packages = ["."]
  pruneopts = "UT"
  revision = "ee3313ca5478c4786248d63dd75e4cd8e1fad2db"
  version = "v0.19.0"

[[projects]]
  branch = "master"
  digest = "1:f8b491a7c25030a895a0e579742d07136e6958e77ef2d46e769db8eec4e58fcd"
  name = "golang.org/x/net"
  packages = [
    "context",
    "context/ctxhttp",
  ]
  pruneopts = "UT"
  revision = "ca1201d0de80cfde86cb01aea620983605dfe99b"

[[projects]]
  branch = "master"
  digest = "1:8d1c112fb1679fa097e9a9255a786ee47383fa2549a3da71bcb1334a693ebcfe"
  name = "golang.org/x/oauth2"
  packages = [
    ".",
    "internal",
  ]
  pruneopts = "UT"
  revision = "0f29369cfe4552d0e4bcddc57cc75f4d7e672a33"

[[projects]]
  digest = "1:6eb6e3b6d9fffb62958cf7f7d88dbbe1dd6839436b0802e194c590667a40412a"
  name = "google.golang.org/appengine"
  packages = [
    "internal",
    "internal/base",
    "internal/datastore",
    "internal/log",
    "internal/remote_api",
    "internal/urlfetch",
    "urlfetch",
  ]
  pruneopts = "UT"
  revision = "b2f4a3cf3c67576a2ee09e1fe62656a5086ce880"
  version = "v1.6.1"

[solve-meta]
  analyzer-name = "dep"
  analyzer-version = 1
  input-imports = [
    "github.com/aws/aws-sdk-go/aws",
    "github.com/aws/aws-sdk-go/aws/session",
    "github.com/aws/aws-sdk-go/service/ec2",
    "github.com/joho/godotenv",
    "github.com/xanzy/go-gitlab",
  ]
  solver-name = "gps-cdcl"
  solver-version = 1
